
Microsoft Visual Studio Solution File, Format Version 12.00
Project("{FAE04EC0-301F-11D3-BF4B-00C04F79EFBC}") = "PasswordManager.API", "PasswordManager.API\PasswordManager.API.csproj", "{F5BFDE5F-C3AC-4347-A249-F0FA0603F431}"
EndProject
Project("{FAE04EC0-301F-11D3-BF4B-00C04F79EFBC}") = "PasswordManager.Infrastructure", "PasswordManager.Infrastructure\PasswordManager.Infrastructure.csproj", "{56310A0F-42A0-4747-8F7F-8DB32CFD8B07}"
EndProject
Project("{FAE04EC0-301F-11D3-BF4B-00C04F79EFBC}") = "PasswordManager.Domain", "PasswordManager.Domain\PasswordManager.Domain.csproj", "{B7ED19D0-DC71-41C3-B95B-3845A58AC715}"
EndProject
Project("{FAE04EC0-301F-11D3-BF4B-00C04F79EFBC}") = "PasswordManager.Application", "PasswordManager.Application\PasswordManager.Application.csproj", "{4327998D-69AC-447E-B56B-BFBCBB716C77}"
EndProject
Global
	GlobalSection(SolutionConfigurationPlatforms) = preSolution
		Debug|Any CPU = Debug|Any CPU
		Release|Any CPU = Release|Any CPU
	EndGlobalSection
	GlobalSection(ProjectConfigurationPlatforms) = postSolution
		{F5BFDE5F-C3AC-4347-A249-F0FA0603F431}.Debug|Any CPU.ActiveCfg = Debug|Any CPU
		{F5BFDE5F-C3AC-4347-A249-F0FA0603F431}.Debug|Any CPU.Build.0 = Debug|Any CPU
		{F5BFDE5F-C3AC-4347-A249-F0FA0603F431}.Release|Any CPU.ActiveCfg = Release|Any CPU
		{F5BFDE5F-C3AC-4347-A249-F0FA0603F431}.Release|Any CPU.Build.0 = Release|Any CPU
		{56310A0F-42A0-4747-8F7F-8DB32CFD8B07}.Debug|Any CPU.ActiveCfg = Debug|Any CPU
		{56310A0F-42A0-4747-8F7F-8DB32CFD8B07}.Debug|Any CPU.Build.0 = Debug|Any CPU
		{56310A0F-42A0-4747-8F7F-8DB32CFD8B07}.Release|Any CPU.ActiveCfg = Release|Any CPU
		{56310A0F-42A0-4747-8F7F-8DB32CFD8B07}.Release|Any CPU.Build.0 = Release|Any CPU
		{B7ED19D0-DC71-41C3-B95B-3845A58AC715}.Debug|Any CPU.ActiveCfg = Debug|Any CPU
		{B7ED19D0-DC71-41C3-B95B-3845A58AC715}.Debug|Any CPU.Build.0 = Debug|Any CPU
		{B7ED19D0-DC71-41C3-B95B-3845A58AC715}.Release|Any CPU.ActiveCfg = Release|Any CPU
		{B7ED19D0-DC71-41C3-B95B-3845A58AC715}.Release|Any CPU.Build.0 = Release|Any CPU
		{4327998D-69AC-447E-B56B-BFBCBB716C77}.Debug|Any CPU.ActiveCfg = Debug|Any CPU
		{4327998D-69AC-447E-B56B-BFBCBB716C77}.Debug|Any CPU.Build.0 = Debug|Any CPU
		{4327998D-69AC-447E-B56B-BFBCBB716C77}.Release|Any CPU.ActiveCfg = Release|Any CPU
		{4327998D-69AC-447E-B56B-BFBCBB716C77}.Release|Any CPU.Build.0 = Release|Any CPU
	EndGlobalSection
EndGlobal
